
Microsoft Visual Studio Solution File, Format Version 12.00
# Visual Studio Version 17
VisualStudioVersion = 17.6.33829.357
MinimumVisualStudioVersion = 10.0.40219.1
Project("{FAE04EC0-301F-11D3-BF4B-00C04F79EFBC}") = "QRCodeProject", "QRCodeProject\QRCodeProject.csproj", "{0F5E8FA3-099E-496E-9C77-CDADAD36EDDA}"
EndProject
Global
	GlobalSection(SolutionConfigurationPlatforms) = preSolution
		Debug|Any CPU = Debug|Any CPU
		Release|Any CPU = Release|Any CPU
	EndGlobalSection
	GlobalSection(ProjectConfigurationPlatforms) = postSolution
		{0F5E8FA3-099E-496E-9C77-CDADAD36EDDA}.Debug|Any CPU.ActiveCfg = Debug|Any CPU
		{0F5E8FA3-099E-496E-9C77-CDADAD36EDDA}.Debug|Any CPU.Build.0 = Debug|Any CPU
		{0F5E8FA3-099E-496E-9C77-CDADAD36EDDA}.Release|Any CPU.ActiveCfg = Release|Any CPU
		{0F5E8FA3-099E-496E-9C77-CDADAD36EDDA}.Release|Any CPU.Build.0 = Release|Any CPU
	EndGlobalSection
	GlobalSection(SolutionProperties) = preSolution
		HideSolutionNode = FALSE
	EndGlobalSection
	GlobalSection(ExtensibilityGlobals) = postSolution
		SolutionGuid = {D3FA1959-E060-4164-9503-2BD9A8802C0B}
	EndGlobalSection
EndGlobal
